
Microsoft Visual Studio Solution File, Format Version 12.00
# Visual Studio Version 17
VisualStudioVersion = 17.14.36301.6 d17.14
MinimumVisualStudioVersion = 10.0.40219.1
Project("{FAE04EC0-301F-11D3-BF4B-00C04F79EFBC}") = "GymManagementPL", "GymManagementPL\GymManagementPL.csproj", "{3E0F91E9-A1EF-4E8D-B362-A726E7C140C3}"
EndProject
Project("{FAE04EC0-301F-11D3-BF4B-00C04F79EFBC}") = "GymManagementDAL", "GymManagementDAL\GymManagementDAL.csproj", "{67BB4778-2600-4A04-B620-56E3A23B1E78}"
EndProject
Project("{FAE04EC0-301F-11D3-BF4B-00C04F79EFBC}") = "GymManagementBLL", "GymManagementBLL\GymManagementBLL.csproj", "{4CE3B317-6E08-41FE-8850-BF01DB74EB82}"
EndProject
Global
	GlobalSection(SolutionConfigurationPlatforms) = preSolution
		Debug|Any CPU = Debug|Any CPU
		Release|Any CPU = Release|Any CPU
	EndGlobalSection
	GlobalSection(ProjectConfigurationPlatforms) = postSolution
		{3E0F91E9-A1EF-4E8D-B362-A726E7C140C3}.Debug|Any CPU.ActiveCfg = Debug|Any CPU
		{3E0F91E9-A1EF-4E8D-B362-A726E7C140C3}.Debug|Any CPU.Build.0 = Debug|Any CPU
		{3E0F91E9-A1EF-4E8D-B362-A726E7C140C3}.Release|Any CPU.ActiveCfg = Release|Any CPU
		{3E0F91E9-A1EF-4E8D-B362-A726E7C140C3}.Release|Any CPU.Build.0 = Release|Any CPU
		{67BB4778-2600-4A04-B620-56E3A23B1E78}.Debug|Any CPU.ActiveCfg = Debug|Any CPU
		{67BB4778-2600-4A04-B620-56E3A23B1E78}.Debug|Any CPU.Build.0 = Debug|Any CPU
		{67BB4778-2600-4A04-B620-56E3A23B1E78}.Release|Any CPU.ActiveCfg = Release|Any CPU
		{67BB4778-2600-4A04-B620-56E3A23B1E78}.Release|Any CPU.Build.0 = Release|Any CPU
		{4CE3B317-6E08-41FE-8850-BF01DB74EB82}.Debug|Any CPU.ActiveCfg = Debug|Any CPU
		{4CE3B317-6E08-41FE-8850-BF01DB74EB82}.Debug|Any CPU.Build.0 = Debug|Any CPU
		{4CE3B317-6E08-41FE-8850-BF01DB74EB82}.Release|Any CPU.ActiveCfg = Release|Any CPU
		{4CE3B317-6E08-41FE-8850-BF01DB74EB82}.Release|Any CPU.Build.0 = Release|Any CPU
	EndGlobalSection
	GlobalSection(SolutionProperties) = preSolution
		HideSolutionNode = FALSE
	EndGlobalSection
	GlobalSection(ExtensibilityGlobals) = postSolution
		SolutionGuid = {9DFE2AE5-BA57-4ADC-B671-685B537A2D09}
	EndGlobalSection
EndGlobal
